
Microsoft Visual Studio Solution File, Format Version 12.00
# Visual Studio Version 17
VisualStudioVersion = 17.12.35707.178
MinimumVisualStudioVersion = 10.0.40219.1
Project("{2150E333-8FDC-42A3-9474-1A3956D46DE8}") = "Solution Items", "Solution Items", "{EAE8A193-490F-4AA5-82FC-5A8529BA9DD4}"
EndProject
Project("{FAE04EC0-301F-11D3-BF4B-00C04F79EFBC}") = "ReaderLibrary", "src\Syniti.Reader\ReaderLibrary.csproj", "{5EED070C-510D-4F05-8324-F2162F9928B1}"
EndProject
Project("{FAE04EC0-301F-11D3-BF4B-00C04F79EFBC}") = "WebAppRunner", "src\Connector.Web\WebAppRunner.csproj", "{2B510939-9CFF-459A-9CDE-6C43F737C92A}"
EndProject
Global
	GlobalSection(SolutionConfigurationPlatforms) = preSolution
		Debug|Any CPU = Debug|Any CPU
		Release|Any CPU = Release|Any CPU
	EndGlobalSection
	GlobalSection(ProjectConfigurationPlatforms) = postSolution
		{5EED070C-510D-4F05-8324-F2162F9928B1}.Debug|Any CPU.ActiveCfg = Debug|Any CPU
		{5EED070C-510D-4F05-8324-F2162F9928B1}.Debug|Any CPU.Build.0 = Debug|Any CPU
		{5EED070C-510D-4F05-8324-F2162F9928B1}.Release|Any CPU.ActiveCfg = Release|Any CPU
		{5EED070C-510D-4F05-8324-F2162F9928B1}.Release|Any CPU.Build.0 = Release|Any CPU
		{2B510939-9CFF-459A-9CDE-6C43F737C92A}.Debug|Any CPU.ActiveCfg = Debug|Any CPU
		{2B510939-9CFF-459A-9CDE-6C43F737C92A}.Debug|Any CPU.Build.0 = Debug|Any CPU
		{2B510939-9CFF-459A-9CDE-6C43F737C92A}.Release|Any CPU.ActiveCfg = Release|Any CPU
		{2B510939-9CFF-459A-9CDE-6C43F737C92A}.Release|Any CPU.Build.0 = Release|Any CPU
	EndGlobalSection
	GlobalSection(SolutionProperties) = preSolution
		HideSolutionNode = FALSE
	EndGlobalSection
	GlobalSection(ExtensibilityGlobals) = postSolution
		SolutionGuid = {A7749D07-F61F-4C6F-8B46-FAC07AA53D7D}
	EndGlobalSection
EndGlobal
